
Microsoft Visual Studio Solution File, Format Version 12.00
# Visual Studio 2012
Project("{F184B08F-C81C-45F6-A57F-5ABD9991F28F}") = "WIN.FENGEST.GUI", "WIN.FENGEST.GUI\WIN.FENGEST.GUI.vbproj", "{6668DFFD-428C-4F6E-AFFF-8A7A2C7C95AD}"
EndProject
Project("{F184B08F-C81C-45F6-A57F-5ABD9991F28F}") = "WIN.FENGEST_PRINT_CARDS.GUI", "PRINT_CARD\WIN.FENGEST_PRINT_CARDS.GUI.vbproj", "{77D4C4E6-E205-4D6A-BB9E-A921F8ED6541}"
EndProject
Project("{F184B08F-C81C-45F6-A57F-5ABD9991F28F}") = "PRINT_CARD_CORE_VB", "PRINT_CARD_CORE_VB\PRINT_CARD_CORE_VB.vbproj", "{F24AA710-90AB-4470-B4E9-6EF67F75C61A}"
EndProject
Project("{F184B08F-C81C-45F6-A57F-5ABD9991F28F}") = "WIN.FENGEST.HANDLERS", "WIN.FENGEST.HANDLERS\WIN.FENGEST.HANDLERS.vbproj", "{677821DF-57ED-4409-B2A6-384DAD0679B7}"
EndProject
Project("{F184B08F-C81C-45F6-A57F-5ABD9991F28F}") = "WIN.FENGEST.IMPORT.GUI", "WIN.FENGEST.IMPORT.GUI\WIN.FENGEST.IMPORT.GUI.vbproj", "{4F0DD472-4015-420B-B327-9EE85DC94451}"
EndProject
Project("{F184B08F-C81C-45F6-A57F-5ABD9991F28F}") = "WIN.FENGEST.INTEGRATION_SERVICES", "WIN.FENGEST.INTEGRATION_SERVICES\WIN.FENGEST.INTEGRATION_SERVICES.vbproj", "{6A94EFF1-AC97-44E0-8EC8-3697126DFAE0}"
EndProject
Project("{F184B08F-C81C-45F6-A57F-5ABD9991F28F}") = "WIN.FENGEST.PERSISTENCE", "WIN.FENGEST.PERSISTENCE\WIN.FENGEST.PERSISTENCE.vbproj", "{F6B84311-43CC-4EB9-9433-A0B043A20403}"
EndProject
Project("{FAE04EC0-301F-11D3-BF4B-00C04F79EFBC}") = "WIN.FENGEST.PRINT", "WIN.FENGEST.PRINT\WIN.FENGEST.PRINT.csproj", "{BFCA50A8-F062-4564-AC08-6C2AF0B5A145}"
EndProject
Project("{F184B08F-C81C-45F6-A57F-5ABD9991F28F}") = "WIN.FENGEST_ARTIFACTS.DOMAIN", "WIN.FENGEST_ARTIFACTS.DOMAIN\WIN.FENGEST_ARTIFACTS.DOMAIN.vbproj", "{4CDA0A25-48A3-4B0D-B71F-2EB0A82BFD15}"
EndProject
Project("{F184B08F-C81C-45F6-A57F-5ABD9991F28F}") = "WIN.FENGEST_CONGRUITY_ENGINE.DOMAIN", "WIN.FENGEST_CONGRUITY_ENGINE.DOMAIN\WIN.FENGEST_CONGRUITY_ENGINE.DOMAIN.vbproj", "{7AD53DB3-DF36-4CB3-BF5A-D3695D804D80}"
EndProject
Project("{F184B08F-C81C-45F6-A57F-5ABD9991F28F}") = "WIN.FENGEST_FINANCIAL.DOMAIN", "WIN.FENGEST_FINANCIAL.DOMAIN\WIN.FENGEST_FINANCIAL.DOMAIN.vbproj", "{56A5A4A1-5E8E-4339-8400-2F4A23D62876}"
EndProject
Project("{F184B08F-C81C-45F6-A57F-5ABD9991F28F}") = "WIN.FENGEST_INTERFACES.DOMAIN", "WIN.FENGEST_INTERFACES.DOMAIN\WIN.FENGEST_INTERFACES.DOMAIN.vbproj", "{CBF388A0-2AD1-4D7C-8F12-3D3A4FF40BF6}"
EndProject
Project("{F184B08F-C81C-45F6-A57F-5ABD9991F28F}") = "WIN.FENGEST_SERVICES.DOMAIN", "WIN.FENGEST_SERVICES.DOMAIN\WIN.FENGEST_SERVICES.DOMAIN.vbproj", "{15FC8C5D-7817-457E-8F1F-E3958C95C070}"
EndProject
Global
	GlobalSection(SolutionConfigurationPlatforms) = preSolution
		Debug|Any CPU = Debug|Any CPU
		Release|Any CPU = Release|Any CPU
	EndGlobalSection
	GlobalSection(ProjectConfigurationPlatforms) = postSolution
		{6668DFFD-428C-4F6E-AFFF-8A7A2C7C95AD}.Debug|Any CPU.ActiveCfg = Debug|Any CPU
		{6668DFFD-428C-4F6E-AFFF-8A7A2C7C95AD}.Debug|Any CPU.Build.0 = Debug|Any CPU
		{6668DFFD-428C-4F6E-AFFF-8A7A2C7C95AD}.Release|Any CPU.ActiveCfg = Release|Any CPU
		{6668DFFD-428C-4F6E-AFFF-8A7A2C7C95AD}.Release|Any CPU.Build.0 = Release|Any CPU
		{77D4C4E6-E205-4D6A-BB9E-A921F8ED6541}.Debug|Any CPU.ActiveCfg = Debug|Any CPU
		{77D4C4E6-E205-4D6A-BB9E-A921F8ED6541}.Debug|Any CPU.Build.0 = Debug|Any CPU
		{77D4C4E6-E205-4D6A-BB9E-A921F8ED6541}.Release|Any CPU.ActiveCfg = Release|Any CPU
		{77D4C4E6-E205-4D6A-BB9E-A921F8ED6541}.Release|Any CPU.Build.0 = Release|Any CPU
		{F24AA710-90AB-4470-B4E9-6EF67F75C61A}.Debug|Any CPU.ActiveCfg = Debug|Any CPU
		{F24AA710-90AB-4470-B4E9-6EF67F75C61A}.Debug|Any CPU.Build.0 = Debug|Any CPU
		{F24AA710-90AB-4470-B4E9-6EF67F75C61A}.Release|Any CPU.ActiveCfg = Release|Any CPU
		{F24AA710-90AB-4470-B4E9-6EF67F75C61A}.Release|Any CPU.Build.0 = Release|Any CPU
		{677821DF-57ED-4409-B2A6-384DAD0679B7}.Debug|Any CPU.ActiveCfg = Debug|Any CPU
		{677821DF-57ED-4409-B2A6-384DAD0679B7}.Debug|Any CPU.Build.0 = Debug|Any CPU
		{677821DF-57ED-4409-B2A6-384DAD0679B7}.Release|Any CPU.ActiveCfg = Release|Any CPU
		{677821DF-57ED-4409-B2A6-384DAD0679B7}.Release|Any CPU.Build.0 = Release|Any CPU
		{4F0DD472-4015-420B-B327-9EE85DC94451}.Debug|Any CPU.ActiveCfg = Debug|Any CPU
		{4F0DD472-4015-420B-B327-9EE85DC94451}.Debug|Any CPU.Build.0 = Debug|Any CPU
		{4F0DD472-4015-420B-B327-9EE85DC94451}.Release|Any CPU.ActiveCfg = Release|Any CPU
		{4F0DD472-4015-420B-B327-9EE85DC94451}.Release|Any CPU.Build.0 = Release|Any CPU
		{6A94EFF1-AC97-44E0-8EC8-3697126DFAE0}.Debug|Any CPU.ActiveCfg = Debug|Any CPU
		{6A94EFF1-AC97-44E0-8EC8-3697126DFAE0}.Debug|Any CPU.Build.0 = Debug|Any CPU
		{6A94EFF1-AC97-44E0-8EC8-3697126DFAE0}.Release|Any CPU.ActiveCfg = Release|Any CPU
		{6A94EFF1-AC97-44E0-8EC8-3697126DFAE0}.Release|Any CPU.Build.0 = Release|Any CPU
		{F6B84311-43CC-4EB9-9433-A0B043A20403}.Debug|Any CPU.ActiveCfg = Debug|Any CPU
		{F6B84311-43CC-4EB9-9433-A0B043A20403}.Debug|Any CPU.Build.0 = Debug|Any CPU
		{F6B84311-43CC-4EB9-9433-A0B043A20403}.Release|Any CPU.ActiveCfg = Release|Any CPU
		{F6B84311-43CC-4EB9-9433-A0B043A20403}.Release|Any CPU.Build.0 = Release|Any CPU
		{BFCA50A8-F062-4564-AC08-6C2AF0B5A145}.Debug|Any CPU.ActiveCfg = Debug|Any CPU
		{BFCA50A8-F062-4564-AC08-6C2AF0B5A145}.Debug|Any CPU.Build.0 = Debug|Any CPU
		{BFCA50A8-F062-4564-AC08-6C2AF0B5A145}.Release|Any CPU.ActiveCfg = Release|Any CPU
		{BFCA50A8-F062-4564-AC08-6C2AF0B5A145}.Release|Any CPU.Build.0 = Release|Any CPU
		{4CDA0A25-48A3-4B0D-B71F-2EB0A82BFD15}.Debug|Any CPU.ActiveCfg = Debug|Any CPU
		{4CDA0A25-48A3-4B0D-B71F-2EB0A82BFD15}.Debug|Any CPU.Build.0 = Debug|Any CPU
		{4CDA0A25-48A3-4B0D-B71F-2EB0A82BFD15}.Release|Any CPU.ActiveCfg = Release|Any CPU
		{4CDA0A25-48A3-4B0D-B71F-2EB0A82BFD15}.Release|Any CPU.Build.0 = Release|Any CPU
		{7AD53DB3-DF36-4CB3-BF5A-D3695D804D80}.Debug|Any CPU.ActiveCfg = Debug|Any CPU
		{7AD53DB3-DF36-4CB3-BF5A-D3695D804D80}.Debug|Any CPU.Build.0 = Debug|Any CPU
		{7AD53DB3-DF36-4CB3-BF5A-D3695D804D80}.Release|Any CPU.ActiveCfg = Release|Any CPU
		{7AD53DB3-DF36-4CB3-BF5A-D3695D804D80}.Release|Any CPU.Build.0 = Release|Any CPU
		{56A5A4A1-5E8E-4339-8400-2F4A23D62876}.Debug|Any CPU.ActiveCfg = Debug|Any CPU
		{56A5A4A1-5E8E-4339-8400-2F4A23D62876}.Debug|Any CPU.Build.0 = Debug|Any CPU
		{56A5A4A1-5E8E-4339-8400-2F4A23D62876}.Release|Any CPU.ActiveCfg = Release|Any CPU
		{56A5A4A1-5E8E-4339-8400-2F4A23D62876}.Release|Any CPU.Build.0 = Release|Any CPU
		{CBF388A0-2AD1-4D7C-8F12-3D3A4FF40BF6}.Debug|Any CPU.ActiveCfg = Debug|Any CPU
		{CBF388A0-2AD1-4D7C-8F12-3D3A4FF40BF6}.Debug|Any CPU.Build.0 = Debug|Any CPU
		{CBF388A0-2AD1-4D7C-8F12-3D3A4FF40BF6}.Release|Any CPU.ActiveCfg = Release|Any CPU
		{CBF388A0-2AD1-4D7C-8F12-3D3A4FF40BF6}.Release|Any CPU.Build.0 = Release|Any CPU
		{15FC8C5D-7817-457E-8F1F-E3958C95C070}.Debug|Any CPU.ActiveCfg = Debug|Any CPU
		{15FC8C5D-7817-457E-8F1F-E3958C95C070}.Debug|Any CPU.Build.0 = Debug|Any CPU
		{15FC8C5D-7817-457E-8F1F-E3958C95C070}.Release|Any CPU.ActiveCfg = Release|Any CPU
		{15FC8C5D-7817-457E-8F1F-E3958C95C070}.Release|Any CPU.Build.0 = Release|Any CPU
	EndGlobalSection
	GlobalSection(SolutionProperties) = preSolution
		HideSolutionNode = FALSE
	EndGlobalSection
EndGlobal
